
Microsoft Visual Studio Solution File, Format Version 12.00
# Visual Studio Version 17
VisualStudioVersion = 17.9.34728.123
MinimumVisualStudioVersion = 10.0.40219.1
Project("{FAE04EC0-301F-11D3-BF4B-00C04F79EFBC}") = "TestApp", "TestApp.csproj", "{1C4C51DB-8910-4B82-AF67-2C2310DC21D0}"
EndProject
Project("{FAE04EC0-301F-11D3-BF4B-00C04F79EFBC}") = "TestProject", "..\TestProject\TestProject.csproj", "{CC505963-3D6B-458B-B1BB-EA57FF532601}"
EndProject
Global
	GlobalSection(SolutionConfigurationPlatforms) = preSolution
		Debug|Any CPU = Debug|Any CPU
		Release|Any CPU = Release|Any CPU
	EndGlobalSection
	GlobalSection(ProjectConfigurationPlatforms) = postSolution
		{1C4C51DB-8910-4B82-AF67-2C2310DC21D0}.Debug|Any CPU.ActiveCfg = Debug|Any CPU
		{1C4C51DB-8910-4B82-AF67-2C2310DC21D0}.Debug|Any CPU.Build.0 = Debug|Any CPU
		{1C4C51DB-8910-4B82-AF67-2C2310DC21D0}.Release|Any CPU.ActiveCfg = Release|Any CPU
		{1C4C51DB-8910-4B82-AF67-2C2310DC21D0}.Release|Any CPU.Build.0 = Release|Any CPU
		{CC505963-3D6B-458B-B1BB-EA57FF532601}.Debug|Any CPU.ActiveCfg = Debug|Any CPU
		{CC505963-3D6B-458B-B1BB-EA57FF532601}.Debug|Any CPU.Build.0 = Debug|Any CPU
		{CC505963-3D6B-458B-B1BB-EA57FF532601}.Release|Any CPU.ActiveCfg = Release|Any CPU
		{CC505963-3D6B-458B-B1BB-EA57FF532601}.Release|Any CPU.Build.0 = Release|Any CPU
	EndGlobalSection
	GlobalSection(SolutionProperties) = preSolution
		HideSolutionNode = FALSE
	EndGlobalSection
	GlobalSection(ExtensibilityGlobals) = postSolution
		SolutionGuid = {1D857310-CCE0-4D15-8196-A355346B0B83}
	EndGlobalSection
EndGlobal
